
Microsoft Visual Studio Solution File, Format Version 12.00
# Visual Studio Version 16
VisualStudioVersion = 16.0.32228.343
MinimumVisualStudioVersion = 10.0.40219.1
Project("{FAE04EC0-301F-11D3-BF4B-00C04F79EFBC}") = "Task", "Task\Task.csproj", "{169C3285-6ACB-4ED3-9B42-52FA4656ABB9}"
EndProject
Global
	GlobalSection(SolutionConfigurationPlatforms) = preSolution
		Debug|Any CPU = Debug|Any CPU
		Release|Any CPU = Release|Any CPU
	EndGlobalSection
	GlobalSection(ProjectConfigurationPlatforms) = postSolution
		{169C3285-6ACB-4ED3-9B42-52FA4656ABB9}.Debug|Any CPU.ActiveCfg = Debug|Any CPU
		{169C3285-6ACB-4ED3-9B42-52FA4656ABB9}.Debug|Any CPU.Build.0 = Debug|Any CPU
		{169C3285-6ACB-4ED3-9B42-52FA4656ABB9}.Release|Any CPU.ActiveCfg = Release|Any CPU
		{169C3285-6ACB-4ED3-9B42-52FA4656ABB9}.Release|Any CPU.Build.0 = Release|Any CPU
	EndGlobalSection
	GlobalSection(SolutionProperties) = preSolution
		HideSolutionNode = FALSE
	EndGlobalSection
	GlobalSection(ExtensibilityGlobals) = postSolution
		SolutionGuid = {28C8A105-C7B1-45B9-842F-3BC1989E330C}
	EndGlobalSection
EndGlobal
